// !$*UTF8*$!
{
	archiveVersion = 1;
	classes = {
	};
	objectVersion = 46;
	objects = {

/* Begin PBXBuildFile section */
		037469A31EC87376006736A5 /* CircleView.swift in Sources */ = {isa = PBXBuildFile; fileRef = 037469A21EC87376006736A5 /* CircleView.swift */; };
		037469A51EC880D8006736A5 /* BlockView.swift in Sources */ = {isa = PBXBuildFile; fileRef = 037469A41EC880D8006736A5 /* BlockView.swift */; };
		0374980B1EC7F7DE00E2D96B /* AppDelegate.swift in Sources */ = {isa = PBXBuildFile; fileRef = 0374980A1EC7F7DE00E2D96B /* AppDelegate.swift */; };
		0374980D1EC7F7DE00E2D96B /* ViewController.swift in Sources */ = {isa = PBXBuildFile; fileRef = 0374980C1EC7F7DE00E2D96B /* ViewController.swift */; };
		037498101EC7F7DE00E2D96B /* Main.storyboard in Resources */ = {isa = PBXBuildFile; fileRef = 0374980E1EC7F7DE00E2D96B /* Main.storyboard */; };
		037498121EC7F7DE00E2D96B /* Assets.xcassets in Resources */ = {isa = PBXBuildFile; fileRef = 037498111EC7F7DE00E2D96B /* Assets.xcassets */; };
		037498151EC7F7DE00E2D96B /* LaunchScreen.storyboard in Resources */ = {isa = PBXBuildFile; fileRef = 037498131EC7F7DE00E2D96B /* LaunchScreen.storyboard */; };
		FBBE489F2B939DD702B19BA4 /* Pods_Mahadevan_K_MotionGame.framework in Frameworks */ = {isa = PBXBuildFile; fileRef = 38BB7C33C941A097DDDBBC79 /* Pods_Mahadevan_K_MotionGame.framework */; };
/* End PBXBuildFile section */

/* Begin PBXFileReference section */
		037469A21EC87376006736A5 /* CircleView.swift */ = {isa = PBXFileReference; fileEncoding = 4; lastKnownFileType = sourcecode.swift; path = CircleView.swift; sourceTree = "<group>"; };
		037469A41EC880D8006736A5 /* BlockView.swift */ = {isa = PBXFileReference; fileEncoding = 4; lastKnownFileType = sourcecode.swift; path = BlockView.swift; sourceTree = "<group>"; };
		037498071EC7F7DE00E2D96B /* Mahadevan_K_MotionGame.app */ = {isa = PBXFileReference; explicitFileType = wrapper.application; includeInIndex = 0; path = Mahadevan_K_MotionGame.app; sourceTree = BUILT_PRODUCTS_DIR; };
		0374980A1EC7F7DE00E2D96B /* AppDelegate.swift */ = {isa = PBXFileReference; lastKnownFileType = sourcecode.swift; path = AppDelegate.swift; sourceTree = "<group>"; };
		0374980C1EC7F7DE00E2D96B /* ViewController.swift */ = {isa = PBXFileReference; lastKnownFileType = sourcecode.swift; path = ViewController.swift; sourceTree = "<group>"; };
		0374980F1EC7F7DE00E2D96B /* Base */ = {isa = PBXFileReference; lastKnownFileType = file.storyboard; name = Base; path = Base.lproj/Main.storyboard; sourceTree = "<group>"; };
		037498111EC7F7DE00E2D96B /* Assets.xcassets */ = {isa = PBXFileReference; lastKnownFileType = folder.assetcatalog; path = Assets.xcassets; sourceTree = "<group>"; };
		037498141EC7F7DE00E2D96B /* Base */ = {isa = PBXFileReference; lastKnownFileType = file.storyboard; name = Base; path = Base.lproj/LaunchScreen.storyboard; sourceTree = "<group>"; };
		037498161EC7F7DE00E2D96B /* Info.plist */ = {isa = PBXFileReference; lastKnownFileType = text.plist.xml; path = Info.plist; sourceTree = "<group>"; };
		17EE592C0C366CA92FB3F2BA /* Pods-Mahadevan_K_MotionGame.debug.xcconfig */ = {isa = PBXFileReference; includeInIndex = 1; lastKnownFileType = text.xcconfig; name = "Pods-Mahadevan_K_MotionGame.debug.xcconfig"; path = "Pods/Target Support Files/Pods-Mahadevan_K_MotionGame/Pods-Mahadevan_K_MotionGame.debug.xcconfig"; sourceTree = "<group>"; };
		38BB7C33C941A097DDDBBC79 /* Pods_Mahadevan_K_MotionGame.framework */ = {isa = PBXFileReference; explicitFileType = wrapper.framework; includeInIndex = 0; path = Pods_Mahadevan_K_MotionGame.framework; sourceTree = BUILT_PRODUCTS_DIR; };
		3A1D8B9B7B0FEC4513A69158 /* Pods-Mahadevan_K_MotionGame.release.xcconfig */ = {isa = PBXFileReference; includeInIndex = 1; lastKnownFileType = text.xcconfig; name = "Pods-Mahadevan_K_MotionGame.release.xcconfig"; path = "Pods/Target Support Files/Pods-Mahadevan_K_MotionGame/Pods-Mahadevan_K_MotionGame.release.xcconfig"; sourceTree = "<group>"; };
/* End PBXFileReference section */

/* Begin PBXFrameworksBuildPhase section */
		037498041EC7F7DE00E2D96B /* Frameworks */ = {
			isa = PBXFrameworksBuildPhase;
			buildActionMask = 2147483647;
			files = (
				FBBE489F2B939DD702B19BA4 /* Pods_Mahadevan_K_MotionGame.framework in Frameworks */,
			);
			runOnlyForDeploymentPostprocessing = 0;
		};
/* End PBXFrameworksBuildPhase section */

/* Begin PBXGroup section */
		037497FE1EC7F7DE00E2D96B = {
			isa = PBXGroup;
			children = (
				037498091EC7F7DE00E2D96B /* Mahadevan_K_MotionGame */,
				037498081EC7F7DE00E2D96B /* Products */,
				15C662A7C236D4814875414E /* Pods */,
				AB40363B3CFC83BC9F140E22 /* Frameworks */,
			);
			sourceTree = "<group>";
		};
		037498081EC7F7DE00E2D96B /* Products */ = {
			isa = PBXGroup;
			children = (
				037498071EC7F7DE00E2D96B /* Mahadevan_K_MotionGame.app */,
			);
			name = Products;
			sourceTree = "<group>";
		};
		037498091EC7F7DE00E2D96B /* Mahadevan_K_MotionGame */ = {
			isa = PBXGroup;
			children = (
				037469A21EC87376006736A5 /* CircleView.swift */,
				0374980A1EC7F7DE00E2D96B /* AppDelegate.swift */,
				0374980C1EC7F7DE00E2D96B /* ViewController.swift */,
				0374980E1EC7F7DE00E2D96B /* Main.storyboard */,
				037498111EC7F7DE00E2D96B /* Assets.xcassets */,
				037498131EC7F7DE00E2D96B /* LaunchScreen.storyboard */,
				037498161EC7F7DE00E2D96B /* Info.plist */,
				037469A41EC880D8006736A5 /* BlockView.swift */,
			);
			path = Mahadevan_K_MotionGame;
			sourceTree = "<group>";
		};
		15C662A7C236D4814875414E /* Pods */ = {
			isa = PBXGroup;
			children = (
				17EE592C0C366CA92FB3F2BA /* Pods-Mahadevan_K_MotionGame.debug.xcconfig */,
				3A1D8B9B7B0FEC4513A69158 /* Pods-Mahadevan_K_MotionGame.release.xcconfig */,
			);
			name = Pods;
			sourceTree = "<group>";
		};
		AB40363B3CFC83BC9F140E22 /* Frameworks */ = {
			isa = PBXGroup;
			children = (
				38BB7C33C941A097DDDBBC79 /* Pods_Mahadevan_K_MotionGame.framework */,
			);
			name = Frameworks;
			sourceTree = "<group>";
		};
/* End PBXGroup section */

/* Begin PBXNativeTarget section */
		037498061EC7F7DE00E2D96B /* Mahadevan_K_MotionGame */ = {
			isa = PBXNativeTarget;
			buildConfigurationList = 037498191EC7F7DE00E2D96B /* Build configuration list for PBXNativeTarget "Mahadevan_K_MotionGame" */;
			buildPhases = (
				A44447B06BCCDC25B7D3CEFE /* [CP] Check Pods Manifest.lock */,
				037498031EC7F7DE00E2D96B /* Sources */,
				037498041EC7F7DE00E2D96B /* Frameworks */,
				037498051EC7F7DE00E2D96B /* Resources */,
				E83215500E2D84923ABE3FD0 /* [CP] Embed Pods Frameworks */,
				31E91764FFEF5838ED247477 /* [CP] Copy Pods Resources */,
			);
			buildRules = (
			);
			dependencies = (
			);
			name = Mahadevan_K_MotionGame;
			productName = Mahadevan_K_MotionGame;
			productReference = 037498071EC7F7DE00E2D96B /* Mahadevan_K_MotionGame.app */;
			productType = "com.apple.product-type.application";
		};
/* End PBXNativeTarget section */

/* Begin PBXProject section */
		037497FF1EC7F7DE00E2D96B /* Project object */ = {
			isa = PBXProject;
			attributes = {
				LastSwiftUpdateCheck = 0830;
				LastUpgradeCheck = 0830;
				ORGANIZATIONNAME = "Krishnan Mahadevan";
				TargetAttributes = {
					037498061EC7F7DE00E2D96B = {
						CreatedOnToolsVersion = 8.3.2;
						DevelopmentTeam = MQ79U7S5FQ;
						ProvisioningStyle = Automatic;
					};
				};
			};
			buildConfigurationList = 037498021EC7F7DE00E2D96B /* Build configuration list for PBXProject "Mahadevan_K_MotionGame" */;
			compatibilityVersion = "Xcode 3.2";
			developmentRegion = English;
			hasScannedForEncodings = 0;
			knownRegions = (
				en,
				Base,
			);
			mainGroup = 037497FE1EC7F7DE00E2D96B;
			productRefGroup = 037498081EC7F7DE00E2D96B /* Products */;
			projectDirPath = "";
			projectRoot = "";
			targets = (
				037498061EC7F7DE00E2D96B /* Mahadevan_K_MotionGame */,
			);
		};
/* End PBXProject section */

/* Begin PBXResourcesBuildPhase section */
		037498051EC7F7DE00E2D96B /* Resources */ = {
			isa = PBXResourcesBuildPhase;
			buildActionMask = 2147483647;
			files = (
				037498151EC7F7DE00E2D96B /* LaunchScreen.storyboard in Resources */,
				037498121EC7F7DE00E2D96B /* Assets.xcassets in Resources */,
				037498101EC7F7DE00E2D96B /* Main.storyboard in Resources */,
			);
			runOnlyForDeploymentPostprocessing = 0;
		};
/* End PBXResourcesBuildPhase section */

/* Begin PBXShellScriptBuildPhase section */
		31E91764FFEF5838ED247477 /* [CP] Copy Pods Resources */ = {
			isa = PBXShellScriptBuildPhase;
			buildActionMask = 2147483647;
			files = (
			);
			inputPaths = (
			);
			name = "[CP] Copy Pods Resources";
			outputPaths = (
			);
			runOnlyForDeploymentPostprocessing = 0;
			shellPath = /bin/sh;
			shellScript = "\"${SRCROOT}/Pods/Target Support Files/Pods-Mahadevan_K_MotionGame/Pods-Mahadevan_K_MotionGame-resources.sh\"\n";
			showEnvVarsInLog = 0;
		};
		A44447B06BCCDC25B7D3CEFE /* [CP] Check Pods Manifest.lock */ = {
			isa = PBXShellScriptBuildPhase;
			buildActionMask = 2147483647;
			files = (
			);
			inputPaths = (
			);
			name = "[CP] Check Pods Manifest.lock";
			outputPaths = (
			);
			runOnlyForDeploymentPostprocessing = 0;
			shellPath = /bin/sh;
			shellScript = "diff \"${PODS_PODFILE_DIR_PATH}/Podfile.lock\" \"${PODS_ROOT}/Manifest.lock\" > /dev/null\nif [ $? != 0 ] ; then\n    # print error to STDERR\n    echo \"error: The sandbox is not in sync with the Podfile.lock. Run 'pod install' or update your CocoaPods installation.\" >&2\n    exit 1\nfi\n";
			showEnvVarsInLog = 0;
		};
		E83215500E2D84923ABE3FD0 /* [CP] Embed Pods Frameworks */ = {
			isa = PBXShellScriptBuildPhase;
			buildActionMask = 2147483647;
			files = (
			);
			inputPaths = (
			);
			name = "[CP] Embed Pods Frameworks";
			outputPaths = (
			);
			runOnlyForDeploymentPostprocessing = 0;
			shellPath = /bin/sh;
			shellScript = "\"${SRCROOT}/Pods/Target Support Files/Pods-Mahadevan_K_MotionGame/Pods-Mahadevan_K_MotionGame-frameworks.sh\"\n";
			showEnvVarsInLog = 0;
		};
/* End PBXShellScriptBuildPhase section */

/* Begin PBXSourcesBuildPhase section */
		037498031EC7F7DE00E2D96B /* Sources */ = {
			isa = PBXSourcesBuildPhase;
			buildActionMask = 2147483647;
			files = (
				037469A51EC880D8006736A5 /* BlockView.swift in Sources */,
				037469A31EC87376006736A5 /* CircleView.swift in Sources */,
				0374980D1EC7F7DE00E2D96B /* ViewController.swift in Sources */,
				0374980B1EC7F7DE00E2D96B /* AppDelegate.swift in Sources */,
			);
			runOnlyForDeploymentPostprocessing = 0;
		};
/* End PBXSourcesBuildPhase section */

/* Begin PBXVariantGroup section */
		0374980E1EC7F7DE00E2D96B /* Main.storyboard */ = {
			isa = PBXVariantGroup;
			children = (
				0374980F1EC7F7DE00E2D96B /* Base */,
			);
			name = Main.storyboard;
			sourceTree = "<group>";
		};
		037498131EC7F7DE00E2D96B /* LaunchScreen.storyboard */ = {
			isa = PBXVariantGroup;
			children = (
				037498141EC7F7DE00E2D96B /* Base */,
			);
			name = LaunchScreen.storyboard;
			sourceTree = "<group>";
		};
/* End PBXVariantGroup section */

/* Begin XCBuildConfiguration section */
		037498171EC7F7DE00E2D96B /* Debug */ = {
			isa = XCBuildConfiguration;
			buildSettings = {
				ALWAYS_SEARCH_USER_PATHS = NO;
				CLANG_ANALYZER_NONNULL = YES;
				CLANG_ANALYZER_NUMBER_OBJECT_CONVERSION = YES_AGGRESSIVE;
				CLANG_CXX_LANGUAGE_STANDARD = "gnu++0x";
				CLANG_CXX_LIBRARY = "libc++";
				CLANG_ENABLE_MODULES = YES;
				CLANG_ENABLE_OBJC_ARC = YES;
				CLANG_WARN_BOOL_CONVERSION = YES;
				CLANG_WARN_CONSTANT_CONVERSION = YES;
				CLANG_WARN_DIRECT_OBJC_ISA_USAGE = YES_ERROR;
				CLANG_WARN_DOCUMENTATION_COMMENTS = YES;
				CLANG_WARN_EMPTY_BODY = YES;
				CLANG_WARN_ENUM_CONVERSION = YES;
				CLANG_WARN_INFINITE_RECURSION = YES;
				CLANG_WARN_INT_CONVERSION = YES;
				CLANG_WARN_OBJC_ROOT_CLASS = YES_ERROR;
				CLANG_WARN_SUSPICIOUS_MOVE = YES;
				CLANG_WARN_UNREACHABLE_CODE = YES;
				CLANG_WARN__DUPLICATE_METHOD_MATCH = YES;
				"CODE_SIGN_IDENTITY[sdk=iphoneos*]" = "iPhone Developer";
				COPY_PHASE_STRIP = NO;
				DEBUG_INFORMATION_FORMAT = dwarf;
				ENABLE_STRICT_OBJC_MSGSEND = YES;
				ENABLE_TESTABILITY = YES;
				GCC_C_LANGUAGE_STANDARD = gnu99;
				GCC_DYNAMIC_NO_PIC = NO;
				GCC_NO_COMMON_BLOCKS = YES;
				GCC_OPTIMIZATION_LEVEL = 0;
				GCC_PREPROCESSOR_DEFINITIONS = (
					"DEBUG=1",
					"$(inherited)",
				);
				GCC_WARN_64_TO_32_BIT_CONVERSION = YES;
				GCC_WARN_ABOUT_RETURN_TYPE = YES_ERROR;
				GCC_WARN_UNDECLARED_SELECTOR = YES;
				GCC_WARN_UNINITIALIZED_AUTOS = YES_AGGRESSIVE;
				GCC_WARN_UNUSED_FUNCTION = YES;
				GCC_WARN_UNUSED_VARIABLE = YES;
				IPHONEOS_DEPLOYMENT_TARGET = 10.3;
				MTL_ENABLE_DEBUG_INFO = YES;
				ONLY_ACTIVE_ARCH = YES;
				SDKROOT = iphoneos;
				SWIFT_ACTIVE_COMPILATION_CONDITIONS = DEBUG;
				SWIFT_OPTIMIZATION_LEVEL = "-Onone";
				TARGETED_DEVICE_FAMILY = "1,2";
			};
			name = Debug;
		};
		037498181EC7F7DE00E2D96B /* Release */ = {
			isa = XCBuildConfiguration;
			buildSettings = {
				ALWAYS_SEARCH_USER_PATHS = NO;
				CLANG_ANALYZER_NONNULL = YES;
				CLANG_ANALYZER_NUMBER_OBJECT_CONVERSION = YES_AGGRESSIVE;
				CLANG_CXX_LANGUAGE_STANDARD = "gnu++0x";
				CLANG_CXX_LIBRARY = "libc++";
				CLANG_ENABLE_MODULES = YES;
				CLANG_ENABLE_OBJC_ARC = YES;
				CLANG_WARN_BOOL_CONVERSION = YES;
				CLANG_WARN_CONSTANT_CONVERSION = YES;
				CLANG_WARN_DIRECT_OBJC_ISA_USAGE = YES_ERROR;
				CLANG_WARN_DOCUMENTATION_COMMENTS = YES;
				CLANG_WARN_EMPTY_BODY = YES;
				CLANG_WARN_ENUM_CONVERSION = YES;
				CLANG_WARN_INFINITE_RECURSION = YES;
				CLANG_WARN_INT_CONVERSION = YES;
				CLANG_WARN_OBJC_ROOT_CLASS = YES_ERROR;
				CLANG_WARN_SUSPICIOUS_MOVE = YES;
				CLANG_WARN_UNREACHABLE_CODE = YES;
				CLANG_WARN__DUPLICATE_METHOD_MATCH = YES;
				"CODE_SIGN_IDENTITY[sdk=iphoneos*]" = "iPhone Developer";
				COPY_PHASE_STRIP = NO;
				DEBUG_INFORMATION_FORMAT = "dwarf-with-dsym";
				ENABLE_NS_ASSERTIONS = NO;
				ENABLE_STRICT_OBJC_MSGSEND = YES;
				GCC_C_LANGUAGE_STANDARD = gnu99;
				GCC_NO_COMMON_BLOCKS = YES;
				GCC_WARN_64_TO_32_BIT_CONVERSION = YES;
				GCC_WARN_ABOUT_RETURN_TYPE = YES_ERROR;
				GCC_WARN_UNDECLARED_SELECTOR = YES;
				GCC_WARN_UNINITIALIZED_AUTOS = YES_AGGRESSIVE;
				GCC_WARN_UNUSED_FUNCTION = YES;
				GCC_WARN_UNUSED_VARIABLE = YES;
				IPHONEOS_DEPLOYMENT_TARGET = 10.3;
				MTL_ENABLE_DEBUG_INFO = NO;
				SDKROOT = iphoneos;
				SWIFT_OPTIMIZATION_LEVEL = "-Owholemodule";
				TARGETED_DEVICE_FAMILY = "1,2";
				VALIDATE_PRODUCT = YES;
			};
			name = Release;
		};
		0374981A1EC7F7DE00E2D96B /* Debug */ = {
			isa = XCBuildConfiguration;
			baseConfigurationReference = 17EE592C0C366CA92FB3F2BA /* Pods-Mahadevan_K_MotionGame.debug.xcconfig */;
			buildSettings = {
				ASSETCATALOG_COMPILER_APPICON_NAME = AppIcon;
				DEVELOPMENT_TEAM = MQ79U7S5FQ;
				INFOPLIST_FILE = Mahadevan_K_MotionGame/Info.plist;
				LD_RUNPATH_SEARCH_PATHS = "$(inherited) @executable_path/Frameworks";
				PRODUCT_BUNDLE_IDENTIFIER = "Personal-Project.Mahadevan-K-MotionGame";
				PRODUCT_NAME = "$(TARGET_NAME)";
				SWIFT_VERSION = 3.0;
			};
			name = Debug;
		};
		0374981B1EC7F7DE00E2D96B /* Release */ = {
			isa = XCBuildConfiguration;
			baseConfigurationReference = 3A1D8B9B7B0FEC4513A69158 /* Pods-Mahadevan_K_MotionGame.release.xcconfig */;
			buildSettings = {
				ASSETCATALOG_COMPILER_APPICON_NAME = AppIcon;
				DEVELOPMENT_TEAM = MQ79U7S5FQ;
				INFOPLIST_FILE = Mahadevan_K_MotionGame/Info.plist;
				LD_RUNPATH_SEARCH_PATHS = "$(inherited) @executable_path/Frameworks";
				PRODUCT_BUNDLE_IDENTIFIER = "Personal-Project.Mahadevan-K-MotionGame";
				PRODUCT_NAME = "$(TARGET_NAME)";
				SWIFT_VERSION = 3.0;
			};
			name = Release;
		};
/* End XCBuildConfiguration section */

/* Begin XCConfigurationList section */
		037498021EC7F7DE00E2D96B /* Build configuration list for PBXProject "Mahadevan_K_MotionGame" */ = {
			isa = XCConfigurationList;
			buildConfigurations = (
				037498171EC7F7DE00E2D96B /* Debug */,
				037498181EC7F7DE00E2D96B /* Release */,
			);
			defaultConfigurationIsVisible = 0;
			defaultConfigurationName = Release;
		};
		037498191EC7F7DE00E2D96B /* Build configuration list for PBXNativeTarget "Mahadevan_K_MotionGame" */ = {
			isa = XCConfigurationList;
			buildConfigurations = (
				0374981A1EC7F7DE00E2D96B /* Debug */,
				0374981B1EC7F7DE00E2D96B /* Release */,
			);
			defaultConfigurationIsVisible = 0;
			defaultConfigurationName = Release;
		};
/* End XCConfigurationList section */
	};
	rootObject = 037497FF1EC7F7DE00E2D96B /* Project object */;
}
