// !$*UTF8*$!
{
	archiveVersion = 1;
	classes = {
	};
	objectVersion = 46;
	objects = {

/* Begin PBXBuildFile section */
		034ED8141EB535DA002E376E /* RoutesViewController.swift in Sources */ = {isa = PBXBuildFile; fileRef = 034ED8131EB535DA002E376E /* RoutesViewController.swift */; };
		034ED8161EB53668002E376E /* StopsViewController.swift in Sources */ = {isa = PBXBuildFile; fileRef = 034ED8151EB53668002E376E /* StopsViewController.swift */; };
		034ED8181EB53A5D002E376E /* MetroService.swift in Sources */ = {isa = PBXBuildFile; fileRef = 034ED8171EB53A5D002E376E /* MetroService.swift */; };
		0352E20F1EB4E26400C685B8 /* AppDelegate.swift in Sources */ = {isa = PBXBuildFile; fileRef = 0352E20E1EB4E26400C685B8 /* AppDelegate.swift */; };
		0352E2111EB4E26400C685B8 /* RealTimeViewController.swift in Sources */ = {isa = PBXBuildFile; fileRef = 0352E2101EB4E26400C685B8 /* RealTimeViewController.swift */; };
		0352E2141EB4E26400C685B8 /* Main.storyboard in Resources */ = {isa = PBXBuildFile; fileRef = 0352E2121EB4E26400C685B8 /* Main.storyboard */; };
		0352E2161EB4E26400C685B8 /* Assets.xcassets in Resources */ = {isa = PBXBuildFile; fileRef = 0352E2151EB4E26400C685B8 /* Assets.xcassets */; };
		0352E2191EB4E26400C685B8 /* LaunchScreen.storyboard in Resources */ = {isa = PBXBuildFile; fileRef = 0352E2171EB4E26400C685B8 /* LaunchScreen.storyboard */; };
		03BE22B11EB525440078FA5C /* RouteModel.swift in Sources */ = {isa = PBXBuildFile; fileRef = 03BE22B01EB525440078FA5C /* RouteModel.swift */; };
		03BE22B41EB525610078FA5C /* RealTimeModel.swift in Sources */ = {isa = PBXBuildFile; fileRef = 03BE22B21EB525610078FA5C /* RealTimeModel.swift */; };
		03BE22B51EB525610078FA5C /* StopModel.swift in Sources */ = {isa = PBXBuildFile; fileRef = 03BE22B31EB525610078FA5C /* StopModel.swift */; };
		4520DB15AD6CBAB1F174EC40 /* Pods_Mahadevan_K_LAMetro.framework in Frameworks */ = {isa = PBXBuildFile; fileRef = B75A355ED318F3EA7F3E21CA /* Pods_Mahadevan_K_LAMetro.framework */; };
/* End PBXBuildFile section */

/* Begin PBXFileReference section */
		034ED8131EB535DA002E376E /* RoutesViewController.swift */ = {isa = PBXFileReference; fileEncoding = 4; lastKnownFileType = sourcecode.swift; path = RoutesViewController.swift; sourceTree = "<group>"; };
		034ED8151EB53668002E376E /* StopsViewController.swift */ = {isa = PBXFileReference; fileEncoding = 4; lastKnownFileType = sourcecode.swift; path = StopsViewController.swift; sourceTree = "<group>"; };
		034ED8171EB53A5D002E376E /* MetroService.swift */ = {isa = PBXFileReference; fileEncoding = 4; lastKnownFileType = sourcecode.swift; path = MetroService.swift; sourceTree = "<group>"; };
		0352E20B1EB4E26400C685B8 /* Mahadevan_K_LAMetro.app */ = {isa = PBXFileReference; explicitFileType = wrapper.application; includeInIndex = 0; path = Mahadevan_K_LAMetro.app; sourceTree = BUILT_PRODUCTS_DIR; };
		0352E20E1EB4E26400C685B8 /* AppDelegate.swift */ = {isa = PBXFileReference; lastKnownFileType = sourcecode.swift; path = AppDelegate.swift; sourceTree = "<group>"; };
		0352E2101EB4E26400C685B8 /* RealTimeViewController.swift */ = {isa = PBXFileReference; lastKnownFileType = sourcecode.swift; path = RealTimeViewController.swift; sourceTree = "<group>"; };
		0352E2131EB4E26400C685B8 /* Base */ = {isa = PBXFileReference; lastKnownFileType = file.storyboard; name = Base; path = Base.lproj/Main.storyboard; sourceTree = "<group>"; };
		0352E2151EB4E26400C685B8 /* Assets.xcassets */ = {isa = PBXFileReference; lastKnownFileType = folder.assetcatalog; path = Assets.xcassets; sourceTree = "<group>"; };
		0352E2181EB4E26400C685B8 /* Base */ = {isa = PBXFileReference; lastKnownFileType = file.storyboard; name = Base; path = Base.lproj/LaunchScreen.storyboard; sourceTree = "<group>"; };
		0352E21A1EB4E26400C685B8 /* Info.plist */ = {isa = PBXFileReference; lastKnownFileType = text.plist.xml; path = Info.plist; sourceTree = "<group>"; };
		03BE22B01EB525440078FA5C /* RouteModel.swift */ = {isa = PBXFileReference; fileEncoding = 4; lastKnownFileType = sourcecode.swift; path = RouteModel.swift; sourceTree = "<group>"; };
		03BE22B21EB525610078FA5C /* RealTimeModel.swift */ = {isa = PBXFileReference; fileEncoding = 4; lastKnownFileType = sourcecode.swift; path = RealTimeModel.swift; sourceTree = "<group>"; };
		03BE22B31EB525610078FA5C /* StopModel.swift */ = {isa = PBXFileReference; fileEncoding = 4; lastKnownFileType = sourcecode.swift; path = StopModel.swift; sourceTree = "<group>"; };
		B75A355ED318F3EA7F3E21CA /* Pods_Mahadevan_K_LAMetro.framework */ = {isa = PBXFileReference; explicitFileType = wrapper.framework; includeInIndex = 0; path = Pods_Mahadevan_K_LAMetro.framework; sourceTree = BUILT_PRODUCTS_DIR; };
		C4AF6046C88B629F438A4DE4 /* Pods-Mahadevan_K_LAMetro.debug.xcconfig */ = {isa = PBXFileReference; includeInIndex = 1; lastKnownFileType = text.xcconfig; name = "Pods-Mahadevan_K_LAMetro.debug.xcconfig"; path = "Pods/Target Support Files/Pods-Mahadevan_K_LAMetro/Pods-Mahadevan_K_LAMetro.debug.xcconfig"; sourceTree = "<group>"; };
		D59BE45499AD39F93AFE1D8B /* Pods-Mahadevan_K_LAMetro.release.xcconfig */ = {isa = PBXFileReference; includeInIndex = 1; lastKnownFileType = text.xcconfig; name = "Pods-Mahadevan_K_LAMetro.release.xcconfig"; path = "Pods/Target Support Files/Pods-Mahadevan_K_LAMetro/Pods-Mahadevan_K_LAMetro.release.xcconfig"; sourceTree = "<group>"; };
/* End PBXFileReference section */

/* Begin PBXFrameworksBuildPhase section */
		0352E2081EB4E26300C685B8 /* Frameworks */ = {
			isa = PBXFrameworksBuildPhase;
			buildActionMask = 2147483647;
			files = (
				4520DB15AD6CBAB1F174EC40 /* Pods_Mahadevan_K_LAMetro.framework in Frameworks */,
			);
			runOnlyForDeploymentPostprocessing = 0;
		};
/* End PBXFrameworksBuildPhase section */

/* Begin PBXGroup section */
		0352E2021EB4E26300C685B8 = {
			isa = PBXGroup;
			children = (
				0352E20D1EB4E26400C685B8 /* Mahadevan_K_LAMetro */,
				0352E20C1EB4E26400C685B8 /* Products */,
				4D5E21053AB17B6F69226953 /* Pods */,
				072F2D654E983353E1CFE487 /* Frameworks */,
			);
			sourceTree = "<group>";
		};
		0352E20C1EB4E26400C685B8 /* Products */ = {
			isa = PBXGroup;
			children = (
				0352E20B1EB4E26400C685B8 /* Mahadevan_K_LAMetro.app */,
			);
			name = Products;
			sourceTree = "<group>";
		};
		0352E20D1EB4E26400C685B8 /* Mahadevan_K_LAMetro */ = {
			isa = PBXGroup;
			children = (
				03BE22B21EB525610078FA5C /* RealTimeModel.swift */,
				03BE22B31EB525610078FA5C /* StopModel.swift */,
				03BE22B01EB525440078FA5C /* RouteModel.swift */,
				0352E20E1EB4E26400C685B8 /* AppDelegate.swift */,
				0352E2101EB4E26400C685B8 /* RealTimeViewController.swift */,
				0352E2121EB4E26400C685B8 /* Main.storyboard */,
				0352E2151EB4E26400C685B8 /* Assets.xcassets */,
				0352E2171EB4E26400C685B8 /* LaunchScreen.storyboard */,
				0352E21A1EB4E26400C685B8 /* Info.plist */,
				034ED8131EB535DA002E376E /* RoutesViewController.swift */,
				034ED8151EB53668002E376E /* StopsViewController.swift */,
				034ED8171EB53A5D002E376E /* MetroService.swift */,
			);
			path = Mahadevan_K_LAMetro;
			sourceTree = "<group>";
		};
		072F2D654E983353E1CFE487 /* Frameworks */ = {
			isa = PBXGroup;
			children = (
				B75A355ED318F3EA7F3E21CA /* Pods_Mahadevan_K_LAMetro.framework */,
			);
			name = Frameworks;
			sourceTree = "<group>";
		};
		4D5E21053AB17B6F69226953 /* Pods */ = {
			isa = PBXGroup;
			children = (
				C4AF6046C88B629F438A4DE4 /* Pods-Mahadevan_K_LAMetro.debug.xcconfig */,
				D59BE45499AD39F93AFE1D8B /* Pods-Mahadevan_K_LAMetro.release.xcconfig */,
			);
			name = Pods;
			sourceTree = "<group>";
		};
/* End PBXGroup section */

/* Begin PBXNativeTarget section */
		0352E20A1EB4E26300C685B8 /* Mahadevan_K_LAMetro */ = {
			isa = PBXNativeTarget;
			buildConfigurationList = 0352E21D1EB4E26400C685B8 /* Build configuration list for PBXNativeTarget "Mahadevan_K_LAMetro" */;
			buildPhases = (
				81B181CD881FA7C2EABA1A29 /* [CP] Check Pods Manifest.lock */,
				0352E2071EB4E26300C685B8 /* Sources */,
				0352E2081EB4E26300C685B8 /* Frameworks */,
				0352E2091EB4E26300C685B8 /* Resources */,
				2D45BEA0918D6C9B70C80725 /* [CP] Embed Pods Frameworks */,
				1B976940A213C58E64DCDF04 /* [CP] Copy Pods Resources */,
			);
			buildRules = (
			);
			dependencies = (
			);
			name = Mahadevan_K_LAMetro;
			productName = Mahadevan_K_LAMetro;
			productReference = 0352E20B1EB4E26400C685B8 /* Mahadevan_K_LAMetro.app */;
			productType = "com.apple.product-type.application";
		};
/* End PBXNativeTarget section */

/* Begin PBXProject section */
		0352E2031EB4E26300C685B8 /* Project object */ = {
			isa = PBXProject;
			attributes = {
				LastSwiftUpdateCheck = 0830;
				LastUpgradeCheck = 0830;
				ORGANIZATIONNAME = "Krishnan Mahadevan";
				TargetAttributes = {
					0352E20A1EB4E26300C685B8 = {
						CreatedOnToolsVersion = 8.3.2;
						DevelopmentTeam = MQ79U7S5FQ;
						ProvisioningStyle = Automatic;
					};
				};
			};
			buildConfigurationList = 0352E2061EB4E26300C685B8 /* Build configuration list for PBXProject "Mahadevan_K_LAMetro" */;
			compatibilityVersion = "Xcode 3.2";
			developmentRegion = English;
			hasScannedForEncodings = 0;
			knownRegions = (
				en,
				Base,
			);
			mainGroup = 0352E2021EB4E26300C685B8;
			productRefGroup = 0352E20C1EB4E26400C685B8 /* Products */;
			projectDirPath = "";
			projectRoot = "";
			targets = (
				0352E20A1EB4E26300C685B8 /* Mahadevan_K_LAMetro */,
			);
		};
/* End PBXProject section */

/* Begin PBXResourcesBuildPhase section */
		0352E2091EB4E26300C685B8 /* Resources */ = {
			isa = PBXResourcesBuildPhase;
			buildActionMask = 2147483647;
			files = (
				0352E2191EB4E26400C685B8 /* LaunchScreen.storyboard in Resources */,
				0352E2161EB4E26400C685B8 /* Assets.xcassets in Resources */,
				0352E2141EB4E26400C685B8 /* Main.storyboard in Resources */,
			);
			runOnlyForDeploymentPostprocessing = 0;
		};
/* End PBXResourcesBuildPhase section */

/* Begin PBXShellScriptBuildPhase section */
		1B976940A213C58E64DCDF04 /* [CP] Copy Pods Resources */ = {
			isa = PBXShellScriptBuildPhase;
			buildActionMask = 2147483647;
			files = (
			);
			inputPaths = (
			);
			name = "[CP] Copy Pods Resources";
			outputPaths = (
			);
			runOnlyForDeploymentPostprocessing = 0;
			shellPath = /bin/sh;
			shellScript = "\"${SRCROOT}/Pods/Target Support Files/Pods-Mahadevan_K_LAMetro/Pods-Mahadevan_K_LAMetro-resources.sh\"\n";
			showEnvVarsInLog = 0;
		};
		2D45BEA0918D6C9B70C80725 /* [CP] Embed Pods Frameworks */ = {
			isa = PBXShellScriptBuildPhase;
			buildActionMask = 2147483647;
			files = (
			);
			inputPaths = (
			);
			name = "[CP] Embed Pods Frameworks";
			outputPaths = (
			);
			runOnlyForDeploymentPostprocessing = 0;
			shellPath = /bin/sh;
			shellScript = "\"${SRCROOT}/Pods/Target Support Files/Pods-Mahadevan_K_LAMetro/Pods-Mahadevan_K_LAMetro-frameworks.sh\"\n";
			showEnvVarsInLog = 0;
		};
		81B181CD881FA7C2EABA1A29 /* [CP] Check Pods Manifest.lock */ = {
			isa = PBXShellScriptBuildPhase;
			buildActionMask = 2147483647;
			files = (
			);
			inputPaths = (
			);
			name = "[CP] Check Pods Manifest.lock";
			outputPaths = (
			);
			runOnlyForDeploymentPostprocessing = 0;
			shellPath = /bin/sh;
			shellScript = "diff \"${PODS_PODFILE_DIR_PATH}/Podfile.lock\" \"${PODS_ROOT}/Manifest.lock\" > /dev/null\nif [ $? != 0 ] ; then\n    # print error to STDERR\n    echo \"error: The sandbox is not in sync with the Podfile.lock. Run 'pod install' or update your CocoaPods installation.\" >&2\n    exit 1\nfi\n";
			showEnvVarsInLog = 0;
		};
/* End PBXShellScriptBuildPhase section */

/* Begin PBXSourcesBuildPhase section */
		0352E2071EB4E26300C685B8 /* Sources */ = {
			isa = PBXSourcesBuildPhase;
			buildActionMask = 2147483647;
			files = (
				03BE22B41EB525610078FA5C /* RealTimeModel.swift in Sources */,
				03BE22B11EB525440078FA5C /* RouteModel.swift in Sources */,
				03BE22B51EB525610078FA5C /* StopModel.swift in Sources */,
				034ED8161EB53668002E376E /* StopsViewController.swift in Sources */,
				0352E2111EB4E26400C685B8 /* RealTimeViewController.swift in Sources */,
				034ED8181EB53A5D002E376E /* MetroService.swift in Sources */,
				0352E20F1EB4E26400C685B8 /* AppDelegate.swift in Sources */,
				034ED8141EB535DA002E376E /* RoutesViewController.swift in Sources */,
			);
			runOnlyForDeploymentPostprocessing = 0;
		};
/* End PBXSourcesBuildPhase section */

/* Begin PBXVariantGroup section */
		0352E2121EB4E26400C685B8 /* Main.storyboard */ = {
			isa = PBXVariantGroup;
			children = (
				0352E2131EB4E26400C685B8 /* Base */,
			);
			name = Main.storyboard;
			sourceTree = "<group>";
		};
		0352E2171EB4E26400C685B8 /* LaunchScreen.storyboard */ = {
			isa = PBXVariantGroup;
			children = (
				0352E2181EB4E26400C685B8 /* Base */,
			);
			name = LaunchScreen.storyboard;
			sourceTree = "<group>";
		};
/* End PBXVariantGroup section */

/* Begin XCBuildConfiguration section */
		0352E21B1EB4E26400C685B8 /* Debug */ = {
			isa = XCBuildConfiguration;
			buildSettings = {
				ALWAYS_SEARCH_USER_PATHS = NO;
				CLANG_ANALYZER_NONNULL = YES;
				CLANG_ANALYZER_NUMBER_OBJECT_CONVERSION = YES_AGGRESSIVE;
				CLANG_CXX_LANGUAGE_STANDARD = "gnu++0x";
				CLANG_CXX_LIBRARY = "libc++";
				CLANG_ENABLE_MODULES = YES;
				CLANG_ENABLE_OBJC_ARC = YES;
				CLANG_WARN_BOOL_CONVERSION = YES;
				CLANG_WARN_CONSTANT_CONVERSION = YES;
				CLANG_WARN_DIRECT_OBJC_ISA_USAGE = YES_ERROR;
				CLANG_WARN_DOCUMENTATION_COMMENTS = YES;
				CLANG_WARN_EMPTY_BODY = YES;
				CLANG_WARN_ENUM_CONVERSION = YES;
				CLANG_WARN_INFINITE_RECURSION = YES;
				CLANG_WARN_INT_CONVERSION = YES;
				CLANG_WARN_OBJC_ROOT_CLASS = YES_ERROR;
				CLANG_WARN_SUSPICIOUS_MOVE = YES;
				CLANG_WARN_UNREACHABLE_CODE = YES;
				CLANG_WARN__DUPLICATE_METHOD_MATCH = YES;
				"CODE_SIGN_IDENTITY[sdk=iphoneos*]" = "iPhone Developer";
				COPY_PHASE_STRIP = NO;
				DEBUG_INFORMATION_FORMAT = dwarf;
				ENABLE_STRICT_OBJC_MSGSEND = YES;
				ENABLE_TESTABILITY = YES;
				GCC_C_LANGUAGE_STANDARD = gnu99;
				GCC_DYNAMIC_NO_PIC = NO;
				GCC_NO_COMMON_BLOCKS = YES;
				GCC_OPTIMIZATION_LEVEL = 0;
				GCC_PREPROCESSOR_DEFINITIONS = (
					"DEBUG=1",
					"$(inherited)",
				);
				GCC_WARN_64_TO_32_BIT_CONVERSION = YES;
				GCC_WARN_ABOUT_RETURN_TYPE = YES_ERROR;
				GCC_WARN_UNDECLARED_SELECTOR = YES;
				GCC_WARN_UNINITIALIZED_AUTOS = YES_AGGRESSIVE;
				GCC_WARN_UNUSED_FUNCTION = YES;
				GCC_WARN_UNUSED_VARIABLE = YES;
				IPHONEOS_DEPLOYMENT_TARGET = 10.3;
				MTL_ENABLE_DEBUG_INFO = YES;
				ONLY_ACTIVE_ARCH = YES;
				SDKROOT = iphoneos;
				SWIFT_ACTIVE_COMPILATION_CONDITIONS = DEBUG;
				SWIFT_OPTIMIZATION_LEVEL = "-Onone";
				TARGETED_DEVICE_FAMILY = "1,2";
			};
			name = Debug;
		};
		0352E21C1EB4E26400C685B8 /* Release */ = {
			isa = XCBuildConfiguration;
			buildSettings = {
				ALWAYS_SEARCH_USER_PATHS = NO;
				CLANG_ANALYZER_NONNULL = YES;
				CLANG_ANALYZER_NUMBER_OBJECT_CONVERSION = YES_AGGRESSIVE;
				CLANG_CXX_LANGUAGE_STANDARD = "gnu++0x";
				CLANG_CXX_LIBRARY = "libc++";
				CLANG_ENABLE_MODULES = YES;
				CLANG_ENABLE_OBJC_ARC = YES;
				CLANG_WARN_BOOL_CONVERSION = YES;
				CLANG_WARN_CONSTANT_CONVERSION = YES;
				CLANG_WARN_DIRECT_OBJC_ISA_USAGE = YES_ERROR;
				CLANG_WARN_DOCUMENTATION_COMMENTS = YES;
				CLANG_WARN_EMPTY_BODY = YES;
				CLANG_WARN_ENUM_CONVERSION = YES;
				CLANG_WARN_INFINITE_RECURSION = YES;
				CLANG_WARN_INT_CONVERSION = YES;
				CLANG_WARN_OBJC_ROOT_CLASS = YES_ERROR;
				CLANG_WARN_SUSPICIOUS_MOVE = YES;
				CLANG_WARN_UNREACHABLE_CODE = YES;
				CLANG_WARN__DUPLICATE_METHOD_MATCH = YES;
				"CODE_SIGN_IDENTITY[sdk=iphoneos*]" = "iPhone Developer";
				COPY_PHASE_STRIP = NO;
				DEBUG_INFORMATION_FORMAT = "dwarf-with-dsym";
				ENABLE_NS_ASSERTIONS = NO;
				ENABLE_STRICT_OBJC_MSGSEND = YES;
				GCC_C_LANGUAGE_STANDARD = gnu99;
				GCC_NO_COMMON_BLOCKS = YES;
				GCC_WARN_64_TO_32_BIT_CONVERSION = YES;
				GCC_WARN_ABOUT_RETURN_TYPE = YES_ERROR;
				GCC_WARN_UNDECLARED_SELECTOR = YES;
				GCC_WARN_UNINITIALIZED_AUTOS = YES_AGGRESSIVE;
				GCC_WARN_UNUSED_FUNCTION = YES;
				GCC_WARN_UNUSED_VARIABLE = YES;
				IPHONEOS_DEPLOYMENT_TARGET = 10.3;
				MTL_ENABLE_DEBUG_INFO = NO;
				SDKROOT = iphoneos;
				SWIFT_OPTIMIZATION_LEVEL = "-Owholemodule";
				TARGETED_DEVICE_FAMILY = "1,2";
				VALIDATE_PRODUCT = YES;
			};
			name = Release;
		};
		0352E21E1EB4E26400C685B8 /* Debug */ = {
			isa = XCBuildConfiguration;
			baseConfigurationReference = C4AF6046C88B629F438A4DE4 /* Pods-Mahadevan_K_LAMetro.debug.xcconfig */;
			buildSettings = {
				ASSETCATALOG_COMPILER_APPICON_NAME = AppIcon;
				DEVELOPMENT_TEAM = MQ79U7S5FQ;
				INFOPLIST_FILE = Mahadevan_K_LAMetro/Info.plist;
				LD_RUNPATH_SEARCH_PATHS = "$(inherited) @executable_path/Frameworks";
				PRODUCT_BUNDLE_IDENTIFIER = "Personal-Project.Mahadevan-K-LAMetro";
				PRODUCT_NAME = "$(TARGET_NAME)";
				SWIFT_VERSION = 3.0;
			};
			name = Debug;
		};
		0352E21F1EB4E26400C685B8 /* Release */ = {
			isa = XCBuildConfiguration;
			baseConfigurationReference = D59BE45499AD39F93AFE1D8B /* Pods-Mahadevan_K_LAMetro.release.xcconfig */;
			buildSettings = {
				ASSETCATALOG_COMPILER_APPICON_NAME = AppIcon;
				DEVELOPMENT_TEAM = MQ79U7S5FQ;
				INFOPLIST_FILE = Mahadevan_K_LAMetro/Info.plist;
				LD_RUNPATH_SEARCH_PATHS = "$(inherited) @executable_path/Frameworks";
				PRODUCT_BUNDLE_IDENTIFIER = "Personal-Project.Mahadevan-K-LAMetro";
				PRODUCT_NAME = "$(TARGET_NAME)";
				SWIFT_VERSION = 3.0;
			};
			name = Release;
		};
/* End XCBuildConfiguration section */

/* Begin XCConfigurationList section */
		0352E2061EB4E26300C685B8 /* Build configuration list for PBXProject "Mahadevan_K_LAMetro" */ = {
			isa = XCConfigurationList;
			buildConfigurations = (
				0352E21B1EB4E26400C685B8 /* Debug */,
				0352E21C1EB4E26400C685B8 /* Release */,
			);
			defaultConfigurationIsVisible = 0;
			defaultConfigurationName = Release;
		};
		0352E21D1EB4E26400C685B8 /* Build configuration list for PBXNativeTarget "Mahadevan_K_LAMetro" */ = {
			isa = XCConfigurationList;
			buildConfigurations = (
				0352E21E1EB4E26400C685B8 /* Debug */,
				0352E21F1EB4E26400C685B8 /* Release */,
			);
			defaultConfigurationIsVisible = 0;
			defaultConfigurationName = Release;
		};
/* End XCConfigurationList section */
	};
	rootObject = 0352E2031EB4E26300C685B8 /* Project object */;
}
