// !$*UTF8*$!
{
	archiveVersion = 1;
	classes = {
	};
	objectVersion = 46;
	objects = {

/* Begin PBXBuildFile section */
		03B25B021EDCA87E00539C37 /* AppDelegate.swift in Sources */ = {isa = PBXBuildFile; fileRef = 03B25B011EDCA87E00539C37 /* AppDelegate.swift */; };
		03B25B071EDCA87E00539C37 /* Main.storyboard in Resources */ = {isa = PBXBuildFile; fileRef = 03B25B051EDCA87E00539C37 /* Main.storyboard */; };
		03B25B0A1EDCA87E00539C37 /* Mahadevan_K_IntelligentAssistant.xcdatamodeld in Sources */ = {isa = PBXBuildFile; fileRef = 03B25B081EDCA87E00539C37 /* Mahadevan_K_IntelligentAssistant.xcdatamodeld */; };
		03B25B0C1EDCA87E00539C37 /* Assets.xcassets in Resources */ = {isa = PBXBuildFile; fileRef = 03B25B0B1EDCA87E00539C37 /* Assets.xcassets */; };
		03B25B0F1EDCA87E00539C37 /* LaunchScreen.storyboard in Resources */ = {isa = PBXBuildFile; fileRef = 03B25B0D1EDCA87E00539C37 /* LaunchScreen.storyboard */; };
		03B25B171EDCB54700539C37 /* ActivityViewController.swift in Sources */ = {isa = PBXBuildFile; fileRef = 03B25B161EDCB54700539C37 /* ActivityViewController.swift */; };
		03B25B1B1EE46C7900539C37 /* IntelligentAssistantService.swift in Sources */ = {isa = PBXBuildFile; fileRef = 03B25B1A1EE46C7900539C37 /* IntelligentAssistantService.swift */; };
		03B25B201EE46D9E00539C37 /* SettingsModel.swift in Sources */ = {isa = PBXBuildFile; fileRef = 03B25B1F1EE46D9E00539C37 /* SettingsModel.swift */; };
		03B25B221EE46DC500539C37 /* ActivityModel.swift in Sources */ = {isa = PBXBuildFile; fileRef = 03B25B211EE46DC500539C37 /* ActivityModel.swift */; };
		03B25B241EE46DF200539C37 /* MotionDataModel.swift in Sources */ = {isa = PBXBuildFile; fileRef = 03B25B231EE46DF200539C37 /* MotionDataModel.swift */; };
		03B25B261EE4781200539C37 /* CoreData.framework in Frameworks */ = {isa = PBXBuildFile; fileRef = 03B25B251EE4781200539C37 /* CoreData.framework */; };
		03B25B2C1EE48AF700539C37 /* DataService.swift in Sources */ = {isa = PBXBuildFile; fileRef = 03B25B2B1EE48AF700539C37 /* DataService.swift */; };
		03B25B2F1EE4A43D00539C37 /* DateUtil.swift in Sources */ = {isa = PBXBuildFile; fileRef = 03B25B2E1EE4A43D00539C37 /* DateUtil.swift */; };
		03B25B311EE4BC7D00539C37 /* DeveloperModeViewController.swift in Sources */ = {isa = PBXBuildFile; fileRef = 03B25B301EE4BC7D00539C37 /* DeveloperModeViewController.swift */; };
		03B25B331EE4C97000539C37 /* SettingsTableViewController.swift in Sources */ = {isa = PBXBuildFile; fileRef = 03B25B321EE4C97000539C37 /* SettingsTableViewController.swift */; };
		AD86CEEAB605B835066FE345 /* Pods_Mahadevan_K_IntelligentAssistant.framework in Frameworks */ = {isa = PBXBuildFile; fileRef = 56AA63AB1FB8EF0A59FE7251 /* Pods_Mahadevan_K_IntelligentAssistant.framework */; };
/* End PBXBuildFile section */

/* Begin PBXFileReference section */
		033E266D1EE530CA005DEF6A /* Mahadevan_K_IntelligentAssistant.entitlements */ = {isa = PBXFileReference; lastKnownFileType = text.plist.entitlements; path = Mahadevan_K_IntelligentAssistant.entitlements; sourceTree = "<group>"; };
		03B25AFE1EDCA87E00539C37 /* Mahadevan_K_IntelligentAssistant.app */ = {isa = PBXFileReference; explicitFileType = wrapper.application; includeInIndex = 0; path = Mahadevan_K_IntelligentAssistant.app; sourceTree = BUILT_PRODUCTS_DIR; };
		03B25B011EDCA87E00539C37 /* AppDelegate.swift */ = {isa = PBXFileReference; lastKnownFileType = sourcecode.swift; path = AppDelegate.swift; sourceTree = "<group>"; };
		03B25B061EDCA87E00539C37 /* Base */ = {isa = PBXFileReference; lastKnownFileType = file.storyboard; name = Base; path = Base.lproj/Main.storyboard; sourceTree = "<group>"; };
		03B25B091EDCA87E00539C37 /* Mahadevan_K_IntelligentAssistant.xcdatamodel */ = {isa = PBXFileReference; lastKnownFileType = wrapper.xcdatamodel; path = Mahadevan_K_IntelligentAssistant.xcdatamodel; sourceTree = "<group>"; };
		03B25B0B1EDCA87E00539C37 /* Assets.xcassets */ = {isa = PBXFileReference; lastKnownFileType = folder.assetcatalog; path = Assets.xcassets; sourceTree = "<group>"; };
		03B25B0E1EDCA87E00539C37 /* Base */ = {isa = PBXFileReference; lastKnownFileType = file.storyboard; name = Base; path = Base.lproj/LaunchScreen.storyboard; sourceTree = "<group>"; };
		03B25B101EDCA87E00539C37 /* Info.plist */ = {isa = PBXFileReference; lastKnownFileType = text.plist.xml; path = Info.plist; sourceTree = "<group>"; };
		03B25B161EDCB54700539C37 /* ActivityViewController.swift */ = {isa = PBXFileReference; fileEncoding = 4; lastKnownFileType = sourcecode.swift; path = ActivityViewController.swift; sourceTree = "<group>"; };
		03B25B1A1EE46C7900539C37 /* IntelligentAssistantService.swift */ = {isa = PBXFileReference; fileEncoding = 4; lastKnownFileType = sourcecode.swift; path = IntelligentAssistantService.swift; sourceTree = "<group>"; };
		03B25B1F1EE46D9E00539C37 /* SettingsModel.swift */ = {isa = PBXFileReference; fileEncoding = 4; lastKnownFileType = sourcecode.swift; path = SettingsModel.swift; sourceTree = "<group>"; };
		03B25B211EE46DC500539C37 /* ActivityModel.swift */ = {isa = PBXFileReference; fileEncoding = 4; lastKnownFileType = sourcecode.swift; path = ActivityModel.swift; sourceTree = "<group>"; };
		03B25B231EE46DF200539C37 /* MotionDataModel.swift */ = {isa = PBXFileReference; fileEncoding = 4; lastKnownFileType = sourcecode.swift; path = MotionDataModel.swift; sourceTree = "<group>"; };
		03B25B251EE4781200539C37 /* CoreData.framework */ = {isa = PBXFileReference; lastKnownFileType = wrapper.framework; name = CoreData.framework; path = System/Library/Frameworks/CoreData.framework; sourceTree = SDKROOT; };
		03B25B2B1EE48AF700539C37 /* DataService.swift */ = {isa = PBXFileReference; fileEncoding = 4; lastKnownFileType = sourcecode.swift; path = DataService.swift; sourceTree = "<group>"; };
		03B25B2E1EE4A43D00539C37 /* DateUtil.swift */ = {isa = PBXFileReference; fileEncoding = 4; lastKnownFileType = sourcecode.swift; path = DateUtil.swift; sourceTree = "<group>"; };
		03B25B301EE4BC7D00539C37 /* DeveloperModeViewController.swift */ = {isa = PBXFileReference; fileEncoding = 4; lastKnownFileType = sourcecode.swift; path = DeveloperModeViewController.swift; sourceTree = "<group>"; };
		03B25B321EE4C97000539C37 /* SettingsTableViewController.swift */ = {isa = PBXFileReference; fileEncoding = 4; lastKnownFileType = sourcecode.swift; path = SettingsTableViewController.swift; sourceTree = "<group>"; };
		4ED4CFA796DCAE3AE4D58194 /* Pods-Mahadevan_K_IntelligentAssistant.debug.xcconfig */ = {isa = PBXFileReference; includeInIndex = 1; lastKnownFileType = text.xcconfig; name = "Pods-Mahadevan_K_IntelligentAssistant.debug.xcconfig"; path = "Pods/Target Support Files/Pods-Mahadevan_K_IntelligentAssistant/Pods-Mahadevan_K_IntelligentAssistant.debug.xcconfig"; sourceTree = "<group>"; };
		56AA63AB1FB8EF0A59FE7251 /* Pods_Mahadevan_K_IntelligentAssistant.framework */ = {isa = PBXFileReference; explicitFileType = wrapper.framework; includeInIndex = 0; path = Pods_Mahadevan_K_IntelligentAssistant.framework; sourceTree = BUILT_PRODUCTS_DIR; };
		B1968C43E12C13C2C64C8450 /* Pods-Mahadevan_K_IntelligentAssistant.release.xcconfig */ = {isa = PBXFileReference; includeInIndex = 1; lastKnownFileType = text.xcconfig; name = "Pods-Mahadevan_K_IntelligentAssistant.release.xcconfig"; path = "Pods/Target Support Files/Pods-Mahadevan_K_IntelligentAssistant/Pods-Mahadevan_K_IntelligentAssistant.release.xcconfig"; sourceTree = "<group>"; };
/* End PBXFileReference section */

/* Begin PBXFrameworksBuildPhase section */
		03B25AFB1EDCA87E00539C37 /* Frameworks */ = {
			isa = PBXFrameworksBuildPhase;
			buildActionMask = 2147483647;
			files = (
				03B25B261EE4781200539C37 /* CoreData.framework in Frameworks */,
				AD86CEEAB605B835066FE345 /* Pods_Mahadevan_K_IntelligentAssistant.framework in Frameworks */,
			);
			runOnlyForDeploymentPostprocessing = 0;
		};
/* End PBXFrameworksBuildPhase section */

/* Begin PBXGroup section */
		03B25AF51EDCA87E00539C37 = {
			isa = PBXGroup;
			children = (
				03B25B001EDCA87E00539C37 /* Mahadevan_K_IntelligentAssistant */,
				03B25AFF1EDCA87E00539C37 /* Products */,
				6AE0B5048721121855839503 /* Pods */,
				843A0EAD213D3AE48B834A98 /* Frameworks */,
			);
			sourceTree = "<group>";
		};
		03B25AFF1EDCA87E00539C37 /* Products */ = {
			isa = PBXGroup;
			children = (
				03B25AFE1EDCA87E00539C37 /* Mahadevan_K_IntelligentAssistant.app */,
			);
			name = Products;
			sourceTree = "<group>";
		};
		03B25B001EDCA87E00539C37 /* Mahadevan_K_IntelligentAssistant */ = {
			isa = PBXGroup;
			children = (
				033E266D1EE530CA005DEF6A /* Mahadevan_K_IntelligentAssistant.entitlements */,
				03B25B1E1EE46D5700539C37 /* Model */,
				03B25B1D1EE46D3700539C37 /* Controller */,
				03B25B1C1EE46D1B00539C37 /* Service */,
				03B25B2D1EE4A41800539C37 /* Utils */,
				03B25B011EDCA87E00539C37 /* AppDelegate.swift */,
				03B25B051EDCA87E00539C37 /* Main.storyboard */,
				03B25B0B1EDCA87E00539C37 /* Assets.xcassets */,
				03B25B0D1EDCA87E00539C37 /* LaunchScreen.storyboard */,
				03B25B101EDCA87E00539C37 /* Info.plist */,
				03B25B081EDCA87E00539C37 /* Mahadevan_K_IntelligentAssistant.xcdatamodeld */,
			);
			path = Mahadevan_K_IntelligentAssistant;
			sourceTree = "<group>";
		};
		03B25B1C1EE46D1B00539C37 /* Service */ = {
			isa = PBXGroup;
			children = (
				03B25B1A1EE46C7900539C37 /* IntelligentAssistantService.swift */,
				03B25B2B1EE48AF700539C37 /* DataService.swift */,
			);
			name = Service;
			sourceTree = "<group>";
		};
		03B25B1D1EE46D3700539C37 /* Controller */ = {
			isa = PBXGroup;
			children = (
				03B25B161EDCB54700539C37 /* ActivityViewController.swift */,
				03B25B301EE4BC7D00539C37 /* DeveloperModeViewController.swift */,
				03B25B321EE4C97000539C37 /* SettingsTableViewController.swift */,
			);
			name = Controller;
			sourceTree = "<group>";
		};
		03B25B1E1EE46D5700539C37 /* Model */ = {
			isa = PBXGroup;
			children = (
				03B25B1F1EE46D9E00539C37 /* SettingsModel.swift */,
				03B25B211EE46DC500539C37 /* ActivityModel.swift */,
				03B25B231EE46DF200539C37 /* MotionDataModel.swift */,
			);
			name = Model;
			sourceTree = "<group>";
		};
		03B25B2D1EE4A41800539C37 /* Utils */ = {
			isa = PBXGroup;
			children = (
				03B25B2E1EE4A43D00539C37 /* DateUtil.swift */,
			);
			name = Utils;
			sourceTree = "<group>";
		};
		6AE0B5048721121855839503 /* Pods */ = {
			isa = PBXGroup;
			children = (
				4ED4CFA796DCAE3AE4D58194 /* Pods-Mahadevan_K_IntelligentAssistant.debug.xcconfig */,
				B1968C43E12C13C2C64C8450 /* Pods-Mahadevan_K_IntelligentAssistant.release.xcconfig */,
			);
			name = Pods;
			sourceTree = "<group>";
		};
		843A0EAD213D3AE48B834A98 /* Frameworks */ = {
			isa = PBXGroup;
			children = (
				03B25B251EE4781200539C37 /* CoreData.framework */,
				56AA63AB1FB8EF0A59FE7251 /* Pods_Mahadevan_K_IntelligentAssistant.framework */,
			);
			name = Frameworks;
			sourceTree = "<group>";
		};
/* End PBXGroup section */

/* Begin PBXNativeTarget section */
		03B25AFD1EDCA87E00539C37 /* Mahadevan_K_IntelligentAssistant */ = {
			isa = PBXNativeTarget;
			buildConfigurationList = 03B25B131EDCA87E00539C37 /* Build configuration list for PBXNativeTarget "Mahadevan_K_IntelligentAssistant" */;
			buildPhases = (
				38C75737E86803ADB766CFC1 /* [CP] Check Pods Manifest.lock */,
				03B25AFA1EDCA87E00539C37 /* Sources */,
				03B25AFB1EDCA87E00539C37 /* Frameworks */,
				03B25AFC1EDCA87E00539C37 /* Resources */,
				072EF6FE8824223AF21E7596 /* [CP] Embed Pods Frameworks */,
				733AB5EB2BA1AAD831C009EB /* [CP] Copy Pods Resources */,
			);
			buildRules = (
			);
			dependencies = (
			);
			name = Mahadevan_K_IntelligentAssistant;
			productName = Mahadevan_K_IntelligentAssistant;
			productReference = 03B25AFE1EDCA87E00539C37 /* Mahadevan_K_IntelligentAssistant.app */;
			productType = "com.apple.product-type.application";
		};
/* End PBXNativeTarget section */

/* Begin PBXProject section */
		03B25AF61EDCA87E00539C37 /* Project object */ = {
			isa = PBXProject;
			attributes = {
				LastSwiftUpdateCheck = 0830;
				LastUpgradeCheck = 0830;
				ORGANIZATIONNAME = "Krishnan Mahadevan";
				TargetAttributes = {
					03B25AFD1EDCA87E00539C37 = {
						CreatedOnToolsVersion = 8.3.2;
						DevelopmentTeam = MQ79U7S5FQ;
						ProvisioningStyle = Automatic;
						SystemCapabilities = {
							com.apple.HealthKit = {
								enabled = 0;
							};
						};
					};
				};
			};
			buildConfigurationList = 03B25AF91EDCA87E00539C37 /* Build configuration list for PBXProject "Mahadevan_K_IntelligentAssistant" */;
			compatibilityVersion = "Xcode 3.2";
			developmentRegion = English;
			hasScannedForEncodings = 0;
			knownRegions = (
				en,
				Base,
			);
			mainGroup = 03B25AF51EDCA87E00539C37;
			productRefGroup = 03B25AFF1EDCA87E00539C37 /* Products */;
			projectDirPath = "";
			projectRoot = "";
			targets = (
				03B25AFD1EDCA87E00539C37 /* Mahadevan_K_IntelligentAssistant */,
			);
		};
/* End PBXProject section */

/* Begin PBXResourcesBuildPhase section */
		03B25AFC1EDCA87E00539C37 /* Resources */ = {
			isa = PBXResourcesBuildPhase;
			buildActionMask = 2147483647;
			files = (
				03B25B0F1EDCA87E00539C37 /* LaunchScreen.storyboard in Resources */,
				03B25B0C1EDCA87E00539C37 /* Assets.xcassets in Resources */,
				03B25B071EDCA87E00539C37 /* Main.storyboard in Resources */,
			);
			runOnlyForDeploymentPostprocessing = 0;
		};
/* End PBXResourcesBuildPhase section */

/* Begin PBXShellScriptBuildPhase section */
		072EF6FE8824223AF21E7596 /* [CP] Embed Pods Frameworks */ = {
			isa = PBXShellScriptBuildPhase;
			buildActionMask = 2147483647;
			files = (
			);
			inputPaths = (
			);
			name = "[CP] Embed Pods Frameworks";
			outputPaths = (
			);
			runOnlyForDeploymentPostprocessing = 0;
			shellPath = /bin/sh;
			shellScript = "\"${SRCROOT}/Pods/Target Support Files/Pods-Mahadevan_K_IntelligentAssistant/Pods-Mahadevan_K_IntelligentAssistant-frameworks.sh\"\n";
			showEnvVarsInLog = 0;
		};
		38C75737E86803ADB766CFC1 /* [CP] Check Pods Manifest.lock */ = {
			isa = PBXShellScriptBuildPhase;
			buildActionMask = 2147483647;
			files = (
			);
			inputPaths = (
			);
			name = "[CP] Check Pods Manifest.lock";
			outputPaths = (
			);
			runOnlyForDeploymentPostprocessing = 0;
			shellPath = /bin/sh;
			shellScript = "diff \"${PODS_PODFILE_DIR_PATH}/Podfile.lock\" \"${PODS_ROOT}/Manifest.lock\" > /dev/null\nif [ $? != 0 ] ; then\n    # print error to STDERR\n    echo \"error: The sandbox is not in sync with the Podfile.lock. Run 'pod install' or update your CocoaPods installation.\" >&2\n    exit 1\nfi\n";
			showEnvVarsInLog = 0;
		};
		733AB5EB2BA1AAD831C009EB /* [CP] Copy Pods Resources */ = {
			isa = PBXShellScriptBuildPhase;
			buildActionMask = 2147483647;
			files = (
			);
			inputPaths = (
			);
			name = "[CP] Copy Pods Resources";
			outputPaths = (
			);
			runOnlyForDeploymentPostprocessing = 0;
			shellPath = /bin/sh;
			shellScript = "\"${SRCROOT}/Pods/Target Support Files/Pods-Mahadevan_K_IntelligentAssistant/Pods-Mahadevan_K_IntelligentAssistant-resources.sh\"\n";
			showEnvVarsInLog = 0;
		};
/* End PBXShellScriptBuildPhase section */

/* Begin PBXSourcesBuildPhase section */
		03B25AFA1EDCA87E00539C37 /* Sources */ = {
			isa = PBXSourcesBuildPhase;
			buildActionMask = 2147483647;
			files = (
				03B25B0A1EDCA87E00539C37 /* Mahadevan_K_IntelligentAssistant.xcdatamodeld in Sources */,
				03B25B2F1EE4A43D00539C37 /* DateUtil.swift in Sources */,
				03B25B241EE46DF200539C37 /* MotionDataModel.swift in Sources */,
				03B25B331EE4C97000539C37 /* SettingsTableViewController.swift in Sources */,
				03B25B021EDCA87E00539C37 /* AppDelegate.swift in Sources */,
				03B25B221EE46DC500539C37 /* ActivityModel.swift in Sources */,
				03B25B1B1EE46C7900539C37 /* IntelligentAssistantService.swift in Sources */,
				03B25B201EE46D9E00539C37 /* SettingsModel.swift in Sources */,
				03B25B171EDCB54700539C37 /* ActivityViewController.swift in Sources */,
				03B25B311EE4BC7D00539C37 /* DeveloperModeViewController.swift in Sources */,
				03B25B2C1EE48AF700539C37 /* DataService.swift in Sources */,
			);
			runOnlyForDeploymentPostprocessing = 0;
		};
/* End PBXSourcesBuildPhase section */

/* Begin PBXVariantGroup section */
		03B25B051EDCA87E00539C37 /* Main.storyboard */ = {
			isa = PBXVariantGroup;
			children = (
				03B25B061EDCA87E00539C37 /* Base */,
			);
			name = Main.storyboard;
			sourceTree = "<group>";
		};
		03B25B0D1EDCA87E00539C37 /* LaunchScreen.storyboard */ = {
			isa = PBXVariantGroup;
			children = (
				03B25B0E1EDCA87E00539C37 /* Base */,
			);
			name = LaunchScreen.storyboard;
			sourceTree = "<group>";
		};
/* End PBXVariantGroup section */

/* Begin XCBuildConfiguration section */
		03B25B111EDCA87E00539C37 /* Debug */ = {
			isa = XCBuildConfiguration;
			buildSettings = {
				ALWAYS_SEARCH_USER_PATHS = NO;
				CLANG_ANALYZER_NONNULL = YES;
				CLANG_ANALYZER_NUMBER_OBJECT_CONVERSION = YES_AGGRESSIVE;
				CLANG_CXX_LANGUAGE_STANDARD = "gnu++0x";
				CLANG_CXX_LIBRARY = "libc++";
				CLANG_ENABLE_MODULES = YES;
				CLANG_ENABLE_OBJC_ARC = YES;
				CLANG_WARN_BOOL_CONVERSION = YES;
				CLANG_WARN_CONSTANT_CONVERSION = YES;
				CLANG_WARN_DIRECT_OBJC_ISA_USAGE = YES_ERROR;
				CLANG_WARN_DOCUMENTATION_COMMENTS = YES;
				CLANG_WARN_EMPTY_BODY = YES;
				CLANG_WARN_ENUM_CONVERSION = YES;
				CLANG_WARN_INFINITE_RECURSION = YES;
				CLANG_WARN_INT_CONVERSION = YES;
				CLANG_WARN_OBJC_ROOT_CLASS = YES_ERROR;
				CLANG_WARN_SUSPICIOUS_MOVE = YES;
				CLANG_WARN_UNREACHABLE_CODE = YES;
				CLANG_WARN__DUPLICATE_METHOD_MATCH = YES;
				"CODE_SIGN_IDENTITY[sdk=iphoneos*]" = "iPhone Developer";
				COPY_PHASE_STRIP = NO;
				DEBUG_INFORMATION_FORMAT = dwarf;
				ENABLE_STRICT_OBJC_MSGSEND = YES;
				ENABLE_TESTABILITY = YES;
				GCC_C_LANGUAGE_STANDARD = gnu99;
				GCC_DYNAMIC_NO_PIC = NO;
				GCC_NO_COMMON_BLOCKS = YES;
				GCC_OPTIMIZATION_LEVEL = 0;
				GCC_PREPROCESSOR_DEFINITIONS = (
					"DEBUG=1",
					"$(inherited)",
				);
				GCC_WARN_64_TO_32_BIT_CONVERSION = YES;
				GCC_WARN_ABOUT_RETURN_TYPE = YES_ERROR;
				GCC_WARN_UNDECLARED_SELECTOR = YES;
				GCC_WARN_UNINITIALIZED_AUTOS = YES_AGGRESSIVE;
				GCC_WARN_UNUSED_FUNCTION = YES;
				GCC_WARN_UNUSED_VARIABLE = YES;
				IPHONEOS_DEPLOYMENT_TARGET = 10.3;
				MTL_ENABLE_DEBUG_INFO = YES;
				ONLY_ACTIVE_ARCH = YES;
				SDKROOT = iphoneos;
				SWIFT_ACTIVE_COMPILATION_CONDITIONS = DEBUG;
				SWIFT_OPTIMIZATION_LEVEL = "-Onone";
				TARGETED_DEVICE_FAMILY = "1,2";
			};
			name = Debug;
		};
		03B25B121EDCA87E00539C37 /* Release */ = {
			isa = XCBuildConfiguration;
			buildSettings = {
				ALWAYS_SEARCH_USER_PATHS = NO;
				CLANG_ANALYZER_NONNULL = YES;
				CLANG_ANALYZER_NUMBER_OBJECT_CONVERSION = YES_AGGRESSIVE;
				CLANG_CXX_LANGUAGE_STANDARD = "gnu++0x";
				CLANG_CXX_LIBRARY = "libc++";
				CLANG_ENABLE_MODULES = YES;
				CLANG_ENABLE_OBJC_ARC = YES;
				CLANG_WARN_BOOL_CONVERSION = YES;
				CLANG_WARN_CONSTANT_CONVERSION = YES;
				CLANG_WARN_DIRECT_OBJC_ISA_USAGE = YES_ERROR;
				CLANG_WARN_DOCUMENTATION_COMMENTS = YES;
				CLANG_WARN_EMPTY_BODY = YES;
				CLANG_WARN_ENUM_CONVERSION = YES;
				CLANG_WARN_INFINITE_RECURSION = YES;
				CLANG_WARN_INT_CONVERSION = YES;
				CLANG_WARN_OBJC_ROOT_CLASS = YES_ERROR;
				CLANG_WARN_SUSPICIOUS_MOVE = YES;
				CLANG_WARN_UNREACHABLE_CODE = YES;
				CLANG_WARN__DUPLICATE_METHOD_MATCH = YES;
				"CODE_SIGN_IDENTITY[sdk=iphoneos*]" = "iPhone Developer";
				COPY_PHASE_STRIP = NO;
				DEBUG_INFORMATION_FORMAT = "dwarf-with-dsym";
				ENABLE_NS_ASSERTIONS = NO;
				ENABLE_STRICT_OBJC_MSGSEND = YES;
				GCC_C_LANGUAGE_STANDARD = gnu99;
				GCC_NO_COMMON_BLOCKS = YES;
				GCC_WARN_64_TO_32_BIT_CONVERSION = YES;
				GCC_WARN_ABOUT_RETURN_TYPE = YES_ERROR;
				GCC_WARN_UNDECLARED_SELECTOR = YES;
				GCC_WARN_UNINITIALIZED_AUTOS = YES_AGGRESSIVE;
				GCC_WARN_UNUSED_FUNCTION = YES;
				GCC_WARN_UNUSED_VARIABLE = YES;
				IPHONEOS_DEPLOYMENT_TARGET = 10.3;
				MTL_ENABLE_DEBUG_INFO = NO;
				SDKROOT = iphoneos;
				SWIFT_OPTIMIZATION_LEVEL = "-Owholemodule";
				TARGETED_DEVICE_FAMILY = "1,2";
				VALIDATE_PRODUCT = YES;
			};
			name = Release;
		};
		03B25B141EDCA87E00539C37 /* Debug */ = {
			isa = XCBuildConfiguration;
			baseConfigurationReference = 4ED4CFA796DCAE3AE4D58194 /* Pods-Mahadevan_K_IntelligentAssistant.debug.xcconfig */;
			buildSettings = {
				ASSETCATALOG_COMPILER_APPICON_NAME = AppIcon;
				DEVELOPMENT_TEAM = MQ79U7S5FQ;
				INFOPLIST_FILE = Mahadevan_K_IntelligentAssistant/Info.plist;
				LD_RUNPATH_SEARCH_PATHS = "$(inherited) @executable_path/Frameworks";
				PRODUCT_BUNDLE_IDENTIFIER = "Personal-Project.Mahadevan-K-IntelligentAssistant";
				PRODUCT_NAME = "$(TARGET_NAME)";
				SWIFT_VERSION = 3.0;
			};
			name = Debug;
		};
		03B25B151EDCA87E00539C37 /* Release */ = {
			isa = XCBuildConfiguration;
			baseConfigurationReference = B1968C43E12C13C2C64C8450 /* Pods-Mahadevan_K_IntelligentAssistant.release.xcconfig */;
			buildSettings = {
				ASSETCATALOG_COMPILER_APPICON_NAME = AppIcon;
				DEVELOPMENT_TEAM = MQ79U7S5FQ;
				INFOPLIST_FILE = Mahadevan_K_IntelligentAssistant/Info.plist;
				LD_RUNPATH_SEARCH_PATHS = "$(inherited) @executable_path/Frameworks";
				PRODUCT_BUNDLE_IDENTIFIER = "Personal-Project.Mahadevan-K-IntelligentAssistant";
				PRODUCT_NAME = "$(TARGET_NAME)";
				SWIFT_VERSION = 3.0;
			};
			name = Release;
		};
/* End XCBuildConfiguration section */

/* Begin XCConfigurationList section */
		03B25AF91EDCA87E00539C37 /* Build configuration list for PBXProject "Mahadevan_K_IntelligentAssistant" */ = {
			isa = XCConfigurationList;
			buildConfigurations = (
				03B25B111EDCA87E00539C37 /* Debug */,
				03B25B121EDCA87E00539C37 /* Release */,
			);
			defaultConfigurationIsVisible = 0;
			defaultConfigurationName = Release;
		};
		03B25B131EDCA87E00539C37 /* Build configuration list for PBXNativeTarget "Mahadevan_K_IntelligentAssistant" */ = {
			isa = XCConfigurationList;
			buildConfigurations = (
				03B25B141EDCA87E00539C37 /* Debug */,
				03B25B151EDCA87E00539C37 /* Release */,
			);
			defaultConfigurationIsVisible = 0;
			defaultConfigurationName = Release;
		};
/* End XCConfigurationList section */

/* Begin XCVersionGroup section */
		03B25B081EDCA87E00539C37 /* Mahadevan_K_IntelligentAssistant.xcdatamodeld */ = {
			isa = XCVersionGroup;
			children = (
				03B25B091EDCA87E00539C37 /* Mahadevan_K_IntelligentAssistant.xcdatamodel */,
			);
			currentVersion = 03B25B091EDCA87E00539C37 /* Mahadevan_K_IntelligentAssistant.xcdatamodel */;
			path = Mahadevan_K_IntelligentAssistant.xcdatamodeld;
			sourceTree = "<group>";
			versionGroupType = wrapper.xcdatamodel;
		};
/* End XCVersionGroup section */
	};
	rootObject = 03B25AF61EDCA87E00539C37 /* Project object */;
}
